
Microsoft Visual Studio Solution File, Format Version 12.00
# Visual Studio 2012
Project("{FAE04EC0-301F-11D3-BF4B-00C04F79EFBC}") = "FruthPharmacy", "FruthPharmacy\FruthPharmacy.csproj", "{514393A0-4E3B-4E50-A9D4-51B11A206480}"
EndProject
Project("{FAE04EC0-301F-11D3-BF4B-00C04F79EFBC}") = "FruthPharmacy.Tests", "FruthPharmacy.Tests\FruthPharmacy.Tests.csproj", "{1BAEE8AB-20B7-4C8B-A5D9-047E6DB0CB14}"
EndProject
Global
	GlobalSection(SolutionConfigurationPlatforms) = preSolution
		Debug|Any CPU = Debug|Any CPU
		Release|Any CPU = Release|Any CPU
	EndGlobalSection
	GlobalSection(ProjectConfigurationPlatforms) = postSolution
		{514393A0-4E3B-4E50-A9D4-51B11A206480}.Debug|Any CPU.ActiveCfg = Debug|Any CPU
		{514393A0-4E3B-4E50-A9D4-51B11A206480}.Debug|Any CPU.Build.0 = Debug|Any CPU
		{514393A0-4E3B-4E50-A9D4-51B11A206480}.Release|Any CPU.ActiveCfg = Release|Any CPU
		{514393A0-4E3B-4E50-A9D4-51B11A206480}.Release|Any CPU.Build.0 = Release|Any CPU
		{1BAEE8AB-20B7-4C8B-A5D9-047E6DB0CB14}.Debug|Any CPU.ActiveCfg = Debug|Any CPU
		{1BAEE8AB-20B7-4C8B-A5D9-047E6DB0CB14}.Debug|Any CPU.Build.0 = Debug|Any CPU
		{1BAEE8AB-20B7-4C8B-A5D9-047E6DB0CB14}.Release|Any CPU.ActiveCfg = Release|Any CPU
		{1BAEE8AB-20B7-4C8B-A5D9-047E6DB0CB14}.Release|Any CPU.Build.0 = Release|Any CPU
	EndGlobalSection
EndGlobal
